// !$*UTF8*$!
{
	archiveVersion = 1;
	classes = {
	};
	objectVersion = 46;
	objects = {

/* Begin PBXBuildFile section */
		CA0B09FA193668DD00A9F57F /* UUChallengeTabViewController.m in Sources */ = {isa = PBXBuildFile; fileRef = CA0B09F9193668DD00A9F57F /* UUChallengeTabViewController.m */; };
		CA0B09FD1936692700A9F57F /* UUChallengeTabView.m in Sources */ = {isa = PBXBuildFile; fileRef = CA0B09FC1936692700A9F57F /* UUChallengeTabView.m */; };
		CA0B09FF19366BA600A9F57F /* button-challenge-challenges_NOTSELECTED.png in Resources */ = {isa = PBXBuildFile; fileRef = CA0B09FE19366BA600A9F57F /* button-challenge-challenges_NOTSELECTED.png */; };
		CA0B0A0119366BAC00A9F57F /* button-challenge-challenges_SELECTED.png in Resources */ = {isa = PBXBuildFile; fileRef = CA0B0A0019366BAC00A9F57F /* button-challenge-challenges_SELECTED.png */; };
		CA0B0A0319366BB200A9F57F /* button-challenge-information_NOTSELECTED.png in Resources */ = {isa = PBXBuildFile; fileRef = CA0B0A0219366BB200A9F57F /* button-challenge-information_NOTSELECTED.png */; };
		CA0B0A0519366BB800A9F57F /* button-challenge-information_SELECTED.png in Resources */ = {isa = PBXBuildFile; fileRef = CA0B0A0419366BB800A9F57F /* button-challenge-information_SELECTED.png */; };
		CA0FB314192D12FF00B97CEC /* mainmenu_green.png in Resources */ = {isa = PBXBuildFile; fileRef = CA0FB313192D12FE00B97CEC /* mainmenu_green.png */; };
		CA0FB316192D130300B97CEC /* mainmenu_orange.png in Resources */ = {isa = PBXBuildFile; fileRef = CA0FB315192D130300B97CEC /* mainmenu_orange.png */; };
		CA0FB318192D130800B97CEC /* mainmenu_yellow.png in Resources */ = {isa = PBXBuildFile; fileRef = CA0FB317192D130800B97CEC /* mainmenu_yellow.png */; };
		CA0FB31A192D130E00B97CEC /* mainmenu_red.png in Resources */ = {isa = PBXBuildFile; fileRef = CA0FB319192D130E00B97CEC /* mainmenu_red.png */; };
		CA0FB31C192D131300B97CEC /* mainmenu_blue.png in Resources */ = {isa = PBXBuildFile; fileRef = CA0FB31B192D131300B97CEC /* mainmenu_blue.png */; };
		CA0FB326192D184500B97CEC /* ChallengeNum1Image.png in Resources */ = {isa = PBXBuildFile; fileRef = CA0FB325192D184500B97CEC /* ChallengeNum1Image.png */; };
		CA0FB328192D191300B97CEC /* ChallengeNum2Image.png in Resources */ = {isa = PBXBuildFile; fileRef = CA0FB327192D191300B97CEC /* ChallengeNum2Image.png */; };
		CA0FB32A192D191A00B97CEC /* ChallengeNum3Image.png in Resources */ = {isa = PBXBuildFile; fileRef = CA0FB329192D191A00B97CEC /* ChallengeNum3Image.png */; };
		CA0FB332192E3EA100B97CEC /* standardCalendarButton.png in Resources */ = {isa = PBXBuildFile; fileRef = CA0FB331192E3EA100B97CEC /* standardCalendarButton.png */; };
		CA0FB334192E3EA600B97CEC /* selectedCalendarButton.png in Resources */ = {isa = PBXBuildFile; fileRef = CA0FB333192E3EA600B97CEC /* selectedCalendarButton.png */; };
		CA0FB336192E3EAB00B97CEC /* disabledCalendarButton.png in Resources */ = {isa = PBXBuildFile; fileRef = CA0FB335192E3EAB00B97CEC /* disabledCalendarButton.png */; };
		CA0FB338192E3EB000B97CEC /* userCompletedButton.png in Resources */ = {isa = PBXBuildFile; fileRef = CA0FB337192E3EB000B97CEC /* userCompletedButton.png */; };
		CA0FB33A193390F000B97CEC /* logo_verizon-white.png in Resources */ = {isa = PBXBuildFile; fileRef = CA0FB339193390F000B97CEC /* logo_verizon-white.png */; };
		CA0FB33C193390F600B97CEC /* logo_SLCseal-white.png in Resources */ = {isa = PBXBuildFile; fileRef = CA0FB33B193390F600B97CEC /* logo_SLCseal-white.png */; };
		CA0FB33E1933918800B97CEC /* logo_SRC_white.png in Resources */ = {isa = PBXBuildFile; fileRef = CA0FB33D1933918800B97CEC /* logo_SRC_white.png */; };
		CA0FB35E1933F37900B97CEC /* UUShowTopUsersViewController.m in Sources */ = {isa = PBXBuildFile; fileRef = CA0FB35D1933F37900B97CEC /* UUShowTopUsersViewController.m */; };
		CA0FB3611933F3B000B97CEC /* UUShowTopUsersView.m in Sources */ = {isa = PBXBuildFile; fileRef = CA0FB3601933F3B000B97CEC /* UUShowTopUsersView.m */; };
		CA0FB36B1934FAE500B97CEC /* inverted_triangle.png in Resources */ = {isa = PBXBuildFile; fileRef = CA0FB36A1934FAE500B97CEC /* inverted_triangle.png */; };
		CA0FB36D1935284500B97CEC /* topusers-green.png in Resources */ = {isa = PBXBuildFile; fileRef = CA0FB36C1935284500B97CEC /* topusers-green.png */; };
		CA0FB371193528D100B97CEC /* logo_SRCwhitetextredU.png in Resources */ = {isa = PBXBuildFile; fileRef = CA0FB370193528D100B97CEC /* logo_SRCwhitetextredU.png */; };
		CA0FB37319352EBF00B97CEC /* SimpleSeal_whitew-transp.png in Resources */ = {isa = PBXBuildFile; fileRef = CA0FB37219352EBF00B97CEC /* SimpleSeal_whitew-transp.png */; };
		CA0FB3751935381E00B97CEC /* topusers-yellow.png in Resources */ = {isa = PBXBuildFile; fileRef = CA0FB3741935381E00B97CEC /* topusers-yellow.png */; };
		CA0FB3771935389800B97CEC /* button-topusers-individual_SELECTED.png in Resources */ = {isa = PBXBuildFile; fileRef = CA0FB3761935389800B97CEC /* button-topusers-individual_SELECTED.png */; };
		CA0FB379193538A100B97CEC /* button-topusers-individual_NOTSELECTED.png in Resources */ = {isa = PBXBuildFile; fileRef = CA0FB378193538A100B97CEC /* button-topusers-individual_NOTSELECTED.png */; };
		CA0FB37B193538A700B97CEC /* button-topusers-team_SELECTED.png in Resources */ = {isa = PBXBuildFile; fileRef = CA0FB37A193538A700B97CEC /* button-topusers-team_SELECTED.png */; };
		CA0FB37D193538AE00B97CEC /* button-topusers-team_NOTSELECTED.png in Resources */ = {isa = PBXBuildFile; fileRef = CA0FB37C193538AE00B97CEC /* button-topusers-team_NOTSELECTED.png */; };
		CA0FB37F19357DB100B97CEC /* whiteline620pxwide.png in Resources */ = {isa = PBXBuildFile; fileRef = CA0FB37E19357DB100B97CEC /* whiteline620pxwide.png */; };
		CA16ECF718ECB916006A0F22 /* UUSplashViewController.m in Sources */ = {isa = PBXBuildFile; fileRef = CA16ECF618ECB916006A0F22 /* UUSplashViewController.m */; };
		CA16ECFB18ECB99C006A0F22 /* UUSplashView.m in Sources */ = {isa = PBXBuildFile; fileRef = CA16ECFA18ECB99C006A0F22 /* UUSplashView.m */; };
		CA16ECFD18ECBDCE006A0F22 /* greenUSplash320x568.png in Resources */ = {isa = PBXBuildFile; fileRef = CA16ECFC18ECBDCE006A0F22 /* greenUSplash320x568.png */; };
		CA16ECFF18ECBDD4006A0F22 /* greenUSplash320x480.png in Resources */ = {isa = PBXBuildFile; fileRef = CA16ECFE18ECBDD4006A0F22 /* greenUSplash320x480.png */; };
		CA4AEC7818AA885B0074494F /* Foundation.framework in Frameworks */ = {isa = PBXBuildFile; fileRef = CA4AEC7718AA885B0074494F /* Foundation.framework */; };
		CA4AEC7A18AA885B0074494F /* CoreGraphics.framework in Frameworks */ = {isa = PBXBuildFile; fileRef = CA4AEC7918AA885B0074494F /* CoreGraphics.framework */; };
		CA4AEC7C18AA885B0074494F /* UIKit.framework in Frameworks */ = {isa = PBXBuildFile; fileRef = CA4AEC7B18AA885B0074494F /* UIKit.framework */; };
		CA4AEC8218AA885B0074494F /* InfoPlist.strings in Resources */ = {isa = PBXBuildFile; fileRef = CA4AEC8018AA885B0074494F /* InfoPlist.strings */; };
		CA4AEC8418AA885B0074494F /* main.m in Sources */ = {isa = PBXBuildFile; fileRef = CA4AEC8318AA885B0074494F /* main.m */; };
		CA4AEC8818AA885B0074494F /* UUAppDelegate.m in Sources */ = {isa = PBXBuildFile; fileRef = CA4AEC8718AA885B0074494F /* UUAppDelegate.m */; };
		CA4AEC8A18AA885B0074494F /* Images.xcassets in Resources */ = {isa = PBXBuildFile; fileRef = CA4AEC8918AA885B0074494F /* Images.xcassets */; };
		CA4AEC9118AA885C0074494F /* XCTest.framework in Frameworks */ = {isa = PBXBuildFile; fileRef = CA4AEC9018AA885B0074494F /* XCTest.framework */; };
		CA4AEC9218AA885C0074494F /* Foundation.framework in Frameworks */ = {isa = PBXBuildFile; fileRef = CA4AEC7718AA885B0074494F /* Foundation.framework */; };
		CA4AEC9318AA885C0074494F /* UIKit.framework in Frameworks */ = {isa = PBXBuildFile; fileRef = CA4AEC7B18AA885B0074494F /* UIKit.framework */; };
		CA4AEC9B18AA885C0074494F /* InfoPlist.strings in Resources */ = {isa = PBXBuildFile; fileRef = CA4AEC9918AA885C0074494F /* InfoPlist.strings */; };
		CA4AEC9D18AA885C0074494F /* UUGreenUTests.m in Sources */ = {isa = PBXBuildFile; fileRef = CA4AEC9C18AA885C0074494F /* UUGreenUTests.m */; };
		CA4AECAA18AAB47C0074494F /* background320x480.png in Resources */ = {isa = PBXBuildFile; fileRef = CA4AECA918AAB47C0074494F /* background320x480.png */; };
		CA4AECAC18AAB4830074494F /* background320x568.png in Resources */ = {isa = PBXBuildFile; fileRef = CA4AECAB18AAB4830074494F /* background320x568.png */; };
		CA4AECB218AAB98A0074494F /* UUModel.m in Sources */ = {isa = PBXBuildFile; fileRef = CA4AECB118AAB98A0074494F /* UUModel.m */; };
		CA4AECB518AAB99F0074494F /* UUApplicationConstants.m in Sources */ = {isa = PBXBuildFile; fileRef = CA4AECB418AAB99F0074494F /* UUApplicationConstants.m */; };
		CA4AECB918AABD390074494F /* UULoginViewController.m in Sources */ = {isa = PBXBuildFile; fileRef = CA4AECB818AABD390074494F /* UULoginViewController.m */; };
		CA4AECBC18AABD4D0074494F /* UULoginView.m in Sources */ = {isa = PBXBuildFile; fileRef = CA4AECBB18AABD4D0074494F /* UULoginView.m */; };
		CA4AECBF18AABD6D0074494F /* UUMainViewController.m in Sources */ = {isa = PBXBuildFile; fileRef = CA4AECBE18AABD6D0074494F /* UUMainViewController.m */; };
		CA4AECC218AABD840074494F /* UUMainView.m in Sources */ = {isa = PBXBuildFile; fileRef = CA4AECC118AABD840074494F /* UUMainView.m */; };
		CA4AECC618AAD1DA0074494F /* UUNavigationController.m in Sources */ = {isa = PBXBuildFile; fileRef = CA4AECC518AAD1DA0074494F /* UUNavigationController.m */; };
		CA4AECCF18AAE1F20074494F /* SVProgressHUD.bundle in Resources */ = {isa = PBXBuildFile; fileRef = CA4AECCC18AAE1F20074494F /* SVProgressHUD.bundle */; };
		CA4AECD018AAE1F20074494F /* SVProgressHUD.m in Sources */ = {isa = PBXBuildFile; fileRef = CA4AECCE18AAE1F20074494F /* SVProgressHUD.m */; };
		CA4AECD218AAE22B0074494F /* QuartzCore.framework in Frameworks */ = {isa = PBXBuildFile; fileRef = CA4AECD118AAE22B0074494F /* QuartzCore.framework */; };
		CA897C02193ECDA300A2D101 /* teams-notactivered.png in Resources */ = {isa = PBXBuildFile; fileRef = CA897C01193ECDA300A2D101 /* teams-notactivered.png */; };
		CA897C04193ECDA900A2D101 /* teams-notactiveyellow.png in Resources */ = {isa = PBXBuildFile; fileRef = CA897C03193ECDA900A2D101 /* teams-notactiveyellow.png */; };
		CA897C06193ECDAF00A2D101 /* teams-notactivegreen.png in Resources */ = {isa = PBXBuildFile; fileRef = CA897C05193ECDAF00A2D101 /* teams-notactivegreen.png */; };
		CA897C08193ECDBE00A2D101 /* donebutton.png in Resources */ = {isa = PBXBuildFile; fileRef = CA897C07193ECDBE00A2D101 /* donebutton.png */; };
		CA897C0A193EDC3800A2D101 /* calendargradient.png in Resources */ = {isa = PBXBuildFile; fileRef = CA897C09193EDC3800A2D101 /* calendargradient.png */; };
		CABB80EB193C2B3F00C047E6 /* UUSesson.m in Sources */ = {isa = PBXBuildFile; fileRef = CABB80EA193C2B3F00C047E6 /* UUSesson.m */; };
		CACAA75C18D115FA0016714B /* 01January-greennewyear.png in Resources */ = {isa = PBXBuildFile; fileRef = CACAA75B18D115FA0016714B /* 01January-greennewyear.png */; };
		CACAA75E18D116020016714B /* 02February-reusablethinking.png in Resources */ = {isa = PBXBuildFile; fileRef = CACAA75D18D116020016714B /* 02February-reusablethinking.png */; };
		CACAA76018D116090016714B /* 03March-greenproducts.png in Resources */ = {isa = PBXBuildFile; fileRef = CACAA75F18D116090016714B /* 03March-greenproducts.png */; };
		CACAA76218D1160F0016714B /* 04April-EnjoytheTrees.png in Resources */ = {isa = PBXBuildFile; fileRef = CACAA76118D1160F0016714B /* 04April-EnjoytheTrees.png */; };
		CACAA76418D116150016714B /* 05May-water.png in Resources */ = {isa = PBXBuildFile; fileRef = CACAA76318D116150016714B /* 05May-water.png */; };
		CACAA76618D116190016714B /* 06June-SummerPowerdown.png in Resources */ = {isa = PBXBuildFile; fileRef = CACAA76518D116190016714B /* 06June-SummerPowerdown.png */; };
		CACAA76818D1161F0016714B /* 07July-AirQuality.png in Resources */ = {isa = PBXBuildFile; fileRef = CACAA76718D1161F0016714B /* 07July-AirQuality.png */; };
		CACAA76A18D116240016714B /* 08August-GreenCommunities.png in Resources */ = {isa = PBXBuildFile; fileRef = CACAA76918D116240016714B /* 08August-GreenCommunities.png */; };
		CACAA76C18D116290016714B /* 09September-IdleFree.png in Resources */ = {isa = PBXBuildFile; fileRef = CACAA76B18D116290016714B /* 09September-IdleFree.png */; };
		CACAA76E18D1162E0016714B /* 10October-FoodforThought.png in Resources */ = {isa = PBXBuildFile; fileRef = CACAA76D18D1162E0016714B /* 10October-FoodforThought.png */; };
		CACAA77018D116330016714B /* 11November-RecycleThat.png in Resources */ = {isa = PBXBuildFile; fileRef = CACAA76F18D116330016714B /* 11November-RecycleThat.png */; };
		CACAA77218D116380016714B /* 12December-WinterizeYourHome.png in Resources */ = {isa = PBXBuildFile; fileRef = CACAA77118D116380016714B /* 12December-WinterizeYourHome.png */; };
		CACAA77518D116510016714B /* aboutwtext.png in Resources */ = {isa = PBXBuildFile; fileRef = CACAA77418D116510016714B /* aboutwtext.png */; };
		CACAA77718D116550016714B /* profilewtext.png in Resources */ = {isa = PBXBuildFile; fileRef = CACAA77618D116550016714B /* profilewtext.png */; };
		CACAA77918D116610016714B /* challengewtext.png in Resources */ = {isa = PBXBuildFile; fileRef = CACAA77818D116610016714B /* challengewtext.png */; };
		CACAA77B18D116660016714B /* topuserswtext.png in Resources */ = {isa = PBXBuildFile; fileRef = CACAA77A18D116660016714B /* topuserswtext.png */; };
		CACAA77D18D1166B0016714B /* teamswtext.png in Resources */ = {isa = PBXBuildFile; fileRef = CACAA77C18D1166B0016714B /* teamswtext.png */; };
		CAD36F9719154BE70060BB66 /* UserInfo.plist in Resources */ = {isa = PBXBuildFile; fileRef = CAD36F9619154BE70060BB66 /* UserInfo.plist */; };
		CAD8F55B1925300100767ADE /* UUSpecificChallengeViewController.m in Sources */ = {isa = PBXBuildFile; fileRef = CAD8F55A1925300100767ADE /* UUSpecificChallengeViewController.m */; };
		CAD8F55E1925301800767ADE /* UUSpecificChallengeView.m in Sources */ = {isa = PBXBuildFile; fileRef = CAD8F55D1925301800767ADE /* UUSpecificChallengeView.m */; };
		CAD8F5611925409E00767ADE /* UUCalendarView.m in Sources */ = {isa = PBXBuildFile; fileRef = CAD8F5601925409E00767ADE /* UUCalendarView.m */; };
		CAD8F563192541DF00767ADE /* calendarIcon.png in Resources */ = {isa = PBXBuildFile; fileRef = CAD8F562192541DF00767ADE /* calendarIcon.png */; };
		CAD8F5651925452200767ADE /* checkbox_full.ico in Resources */ = {isa = PBXBuildFile; fileRef = CAD8F5641925452200767ADE /* checkbox_full.ico */; };
		CAD8F5671925453900767ADE /* checkbox_empty.ico in Resources */ = {isa = PBXBuildFile; fileRef = CAD8F5661925453900767ADE /* checkbox_empty.ico */; };
		CAD8F5691925486100767ADE /* TwitterIconSmall.png in Resources */ = {isa = PBXBuildFile; fileRef = CAD8F5681925486100767ADE /* TwitterIconSmall.png */; };
		CAFA0E7B18AB095300D2871F /* UUChallengeViewController.m in Sources */ = {isa = PBXBuildFile; fileRef = CAFA0E7A18AB095300D2871F /* UUChallengeViewController.m */; };
		CAFA0E7E18AB096900D2871F /* UUChallengeView.m in Sources */ = {isa = PBXBuildFile; fileRef = CAFA0E7D18AB096900D2871F /* UUChallengeView.m */; };
		CAFA0E8118AB099400D2871F /* UUTopUsersViewController.m in Sources */ = {isa = PBXBuildFile; fileRef = CAFA0E8018AB099400D2871F /* UUTopUsersViewController.m */; };
		CAFA0E8418AB09A900D2871F /* UUTopUsersView.m in Sources */ = {isa = PBXBuildFile; fileRef = CAFA0E8318AB09A900D2871F /* UUTopUsersView.m */; };
		CAFA0E8718AB09C300D2871F /* UUTeamsViewController.m in Sources */ = {isa = PBXBuildFile; fileRef = CAFA0E8618AB09C300D2871F /* UUTeamsViewController.m */; };
		CAFA0E8A18AB09D600D2871F /* UUTeamsView.m in Sources */ = {isa = PBXBuildFile; fileRef = CAFA0E8918AB09D600D2871F /* UUTeamsView.m */; };
		CAFA0E8D18AB09EB00D2871F /* UUAboutViewController.m in Sources */ = {isa = PBXBuildFile; fileRef = CAFA0E8C18AB09EB00D2871F /* UUAboutViewController.m */; };
		CAFA0E9018AB09FC00D2871F /* UUAboutView.m in Sources */ = {isa = PBXBuildFile; fileRef = CAFA0E8F18AB09FC00D2871F /* UUAboutView.m */; };
		CAFA0E9918AB0A4300D2871F /* UUProfileViewController.m in Sources */ = {isa = PBXBuildFile; fileRef = CAFA0E9818AB0A4300D2871F /* UUProfileViewController.m */; };
		CAFA0E9C18AB0A5700D2871F /* UUProfileView.m in Sources */ = {isa = PBXBuildFile; fileRef = CAFA0E9B18AB0A5700D2871F /* UUProfileView.m */; };
		CAFA0EB018ABED6E00D2871F /* logo_greenu_final.png in Resources */ = {isa = PBXBuildFile; fileRef = CAFA0EAF18ABED6E00D2871F /* logo_greenu_final.png */; };
		CAFA0EB218ABEDB200D2871F /* grayButton.png in Resources */ = {isa = PBXBuildFile; fileRef = CAFA0EB118ABEDB200D2871F /* grayButton.png */; };
		CAFA0EB418ABEDD300D2871F /* blueButton.png in Resources */ = {isa = PBXBuildFile; fileRef = CAFA0EB318ABEDD300D2871F /* blueButton.png */; };
		CAFA0EB618ABEDF200D2871F /* FacebookIconSmall.png in Resources */ = {isa = PBXBuildFile; fileRef = CAFA0EB518ABEDF200D2871F /* FacebookIconSmall.png */; };
		CAFA0EBA18ABFB3C00D2871F /* UUCreateUserViewController.m in Sources */ = {isa = PBXBuildFile; fileRef = CAFA0EB918ABFB3C00D2871F /* UUCreateUserViewController.m */; };
		CAFA0EBD18ABFB5200D2871F /* UUCreateUserView.m in Sources */ = {isa = PBXBuildFile; fileRef = CAFA0EBC18ABFB5200D2871F /* UUCreateUserView.m */; };
		CAFA0EBF18AC17BF00D2871F /* fbLargeIcon.png in Resources */ = {isa = PBXBuildFile; fileRef = CAFA0EBE18AC17BF00D2871F /* fbLargeIcon.png */; };
		CAFA0EC118AC17E700D2871F /* twitterLargeIcon.png in Resources */ = {isa = PBXBuildFile; fileRef = CAFA0EC018AC17E700D2871F /* twitterLargeIcon.png */; };
		CAFA0EC318AC1A7A00D2871F /* fbLargeIconPressed.png in Resources */ = {isa = PBXBuildFile; fileRef = CAFA0EC218AC1A7A00D2871F /* fbLargeIconPressed.png */; };
		CAFA0EC518AC1B4800D2871F /* twitterLargeIconPressed.png in Resources */ = {isa = PBXBuildFile; fileRef = CAFA0EC418AC1B4800D2871F /* twitterLargeIconPressed.png */; };
		CAFA0EC718C55F9300D2871F /* genericUserImage.png in Resources */ = {isa = PBXBuildFile; fileRef = CAFA0EC618C55F9300D2871F /* genericUserImage.png */; };
		CAFA0EC918C55F9A00D2871F /* genericUserImageSelected.png in Resources */ = {isa = PBXBuildFile; fileRef = CAFA0EC818C55F9A00D2871F /* genericUserImageSelected.png */; };
/* End PBXBuildFile section */

/* Begin PBXContainerItemProxy section */
		CA4AEC9418AA885C0074494F /* PBXContainerItemProxy */ = {
			isa = PBXContainerItemProxy;
			containerPortal = CA4AEC6C18AA885B0074494F /* Project object */;
			proxyType = 1;
			remoteGlobalIDString = CA4AEC7318AA885B0074494F;
			remoteInfo = UUGreenU;
		};
/* End PBXContainerItemProxy section */

/* Begin PBXFileReference section */
		CA0B09F8193668DD00A9F57F /* UUChallengeTabViewController.h */ = {isa = PBXFileReference; fileEncoding = 4; lastKnownFileType = sourcecode.c.h; path = UUChallengeTabViewController.h; sourceTree = "<group>"; };
		CA0B09F9193668DD00A9F57F /* UUChallengeTabViewController.m */ = {isa = PBXFileReference; fileEncoding = 4; lastKnownFileType = sourcecode.c.objc; path = UUChallengeTabViewController.m; sourceTree = "<group>"; };
		CA0B09FB1936692700A9F57F /* UUChallengeTabView.h */ = {isa = PBXFileReference; fileEncoding = 4; lastKnownFileType = sourcecode.c.h; path = UUChallengeTabView.h; sourceTree = "<group>"; };
		CA0B09FC1936692700A9F57F /* UUChallengeTabView.m */ = {isa = PBXFileReference; fileEncoding = 4; lastKnownFileType = sourcecode.c.objc; path = UUChallengeTabView.m; sourceTree = "<group>"; };
		CA0B09FE19366BA600A9F57F /* button-challenge-challenges_NOTSELECTED.png */ = {isa = PBXFileReference; lastKnownFileType = image.png; path = "button-challenge-challenges_NOTSELECTED.png"; sourceTree = "<group>"; };
		CA0B0A0019366BAC00A9F57F /* button-challenge-challenges_SELECTED.png */ = {isa = PBXFileReference; lastKnownFileType = image.png; path = "button-challenge-challenges_SELECTED.png"; sourceTree = "<group>"; };
		CA0B0A0219366BB200A9F57F /* button-challenge-information_NOTSELECTED.png */ = {isa = PBXFileReference; lastKnownFileType = image.png; path = "button-challenge-information_NOTSELECTED.png"; sourceTree = "<group>"; };
		CA0B0A0419366BB800A9F57F /* button-challenge-information_SELECTED.png */ = {isa = PBXFileReference; lastKnownFileType = image.png; path = "button-challenge-information_SELECTED.png"; sourceTree = "<group>"; };
		CA0FB313192D12FE00B97CEC /* mainmenu_green.png */ = {isa = PBXFileReference; lastKnownFileType = image.png; path = mainmenu_green.png; sourceTree = "<group>"; };
		CA0FB315192D130300B97CEC /* mainmenu_orange.png */ = {isa = PBXFileReference; lastKnownFileType = image.png; path = mainmenu_orange.png; sourceTree = "<group>"; };
		CA0FB317192D130800B97CEC /* mainmenu_yellow.png */ = {isa = PBXFileReference; lastKnownFileType = image.png; path = mainmenu_yellow.png; sourceTree = "<group>"; };
		CA0FB319192D130E00B97CEC /* mainmenu_red.png */ = {isa = PBXFileReference; lastKnownFileType = image.png; path = mainmenu_red.png; sourceTree = "<group>"; };
		CA0FB31B192D131300B97CEC /* mainmenu_blue.png */ = {isa = PBXFileReference; lastKnownFileType = image.png; path = mainmenu_blue.png; sourceTree = "<group>"; };
		CA0FB325192D184500B97CEC /* ChallengeNum1Image.png */ = {isa = PBXFileReference; lastKnownFileType = image.png; path = ChallengeNum1Image.png; sourceTree = "<group>"; };
		CA0FB327192D191300B97CEC /* ChallengeNum2Image.png */ = {isa = PBXFileReference; lastKnownFileType = image.png; path = ChallengeNum2Image.png; sourceTree = "<group>"; };
		CA0FB329192D191A00B97CEC /* ChallengeNum3Image.png */ = {isa = PBXFileReference; lastKnownFileType = image.png; path = ChallengeNum3Image.png; sourceTree = "<group>"; };
		CA0FB331192E3EA100B97CEC /* standardCalendarButton.png */ = {isa = PBXFileReference; lastKnownFileType = image.png; path = standardCalendarButton.png; sourceTree = "<group>"; };
		CA0FB333192E3EA600B97CEC /* selectedCalendarButton.png */ = {isa = PBXFileReference; lastKnownFileType = image.png; path = selectedCalendarButton.png; sourceTree = "<group>"; };
		CA0FB335192E3EAB00B97CEC /* disabledCalendarButton.png */ = {isa = PBXFileReference; lastKnownFileType = image.png; path = disabledCalendarButton.png; sourceTree = "<group>"; };
		CA0FB337192E3EB000B97CEC /* userCompletedButton.png */ = {isa = PBXFileReference; lastKnownFileType = image.png; path = userCompletedButton.png; sourceTree = "<group>"; };
		CA0FB339193390F000B97CEC /* logo_verizon-white.png */ = {isa = PBXFileReference; lastKnownFileType = image.png; path = "logo_verizon-white.png"; sourceTree = "<group>"; };
		CA0FB33B193390F600B97CEC /* logo_SLCseal-white.png */ = {isa = PBXFileReference; lastKnownFileType = image.png; path = "logo_SLCseal-white.png"; sourceTree = "<group>"; };
		CA0FB33D1933918800B97CEC /* logo_SRC_white.png */ = {isa = PBXFileReference; lastKnownFileType = image.png; path = logo_SRC_white.png; sourceTree = "<group>"; };
		CA0FB35C1933F37900B97CEC /* UUShowTopUsersViewController.h */ = {isa = PBXFileReference; fileEncoding = 4; lastKnownFileType = sourcecode.c.h; path = UUShowTopUsersViewController.h; sourceTree = "<group>"; };
		CA0FB35D1933F37900B97CEC /* UUShowTopUsersViewController.m */ = {isa = PBXFileReference; fileEncoding = 4; lastKnownFileType = sourcecode.c.objc; path = UUShowTopUsersViewController.m; sourceTree = "<group>"; };
		CA0FB35F1933F3B000B97CEC /* UUShowTopUsersView.h */ = {isa = PBXFileReference; fileEncoding = 4; lastKnownFileType = sourcecode.c.h; path = UUShowTopUsersView.h; sourceTree = "<group>"; };
		CA0FB3601933F3B000B97CEC /* UUShowTopUsersView.m */ = {isa = PBXFileReference; fileEncoding = 4; lastKnownFileType = sourcecode.c.objc; path = UUShowTopUsersView.m; sourceTree = "<group>"; };
		CA0FB36A1934FAE500B97CEC /* inverted_triangle.png */ = {isa = PBXFileReference; lastKnownFileType = image.png; path = inverted_triangle.png; sourceTree = "<group>"; };
		CA0FB36C1935284500B97CEC /* topusers-green.png */ = {isa = PBXFileReference; lastKnownFileType = image.png; path = "topusers-green.png"; sourceTree = "<group>"; };
		CA0FB370193528D100B97CEC /* logo_SRCwhitetextredU.png */ = {isa = PBXFileReference; lastKnownFileType = image.png; path = logo_SRCwhitetextredU.png; sourceTree = "<group>"; };
		CA0FB37219352EBF00B97CEC /* SimpleSeal_whitew-transp.png */ = {isa = PBXFileReference; lastKnownFileType = image.png; path = "SimpleSeal_whitew-transp.png"; sourceTree = "<group>"; };
		CA0FB3741935381E00B97CEC /* topusers-yellow.png */ = {isa = PBXFileReference; lastKnownFileType = image.png; path = "topusers-yellow.png"; sourceTree = "<group>"; };
		CA0FB3761935389800B97CEC /* button-topusers-individual_SELECTED.png */ = {isa = PBXFileReference; lastKnownFileType = image.png; path = "button-topusers-individual_SELECTED.png"; sourceTree = "<group>"; };
		CA0FB378193538A100B97CEC /* button-topusers-individual_NOTSELECTED.png */ = {isa = PBXFileReference; lastKnownFileType = image.png; path = "button-topusers-individual_NOTSELECTED.png"; sourceTree = "<group>"; };
		CA0FB37A193538A700B97CEC /* button-topusers-team_SELECTED.png */ = {isa = PBXFileReference; lastKnownFileType = image.png; path = "button-topusers-team_SELECTED.png"; sourceTree = "<group>"; };
		CA0FB37C193538AE00B97CEC /* button-topusers-team_NOTSELECTED.png */ = {isa = PBXFileReference; lastKnownFileType = image.png; path = "button-topusers-team_NOTSELECTED.png"; sourceTree = "<group>"; };
		CA0FB37E19357DB100B97CEC /* whiteline620pxwide.png */ = {isa = PBXFileReference; lastKnownFileType = image.png; path = whiteline620pxwide.png; sourceTree = "<group>"; };
		CA16ECF518ECB916006A0F22 /* UUSplashViewController.h */ = {isa = PBXFileReference; fileEncoding = 4; lastKnownFileType = sourcecode.c.h; path = UUSplashViewController.h; sourceTree = "<group>"; };
		CA16ECF618ECB916006A0F22 /* UUSplashViewController.m */ = {isa = PBXFileReference; fileEncoding = 4; lastKnownFileType = sourcecode.c.objc; path = UUSplashViewController.m; sourceTree = "<group>"; };
		CA16ECF918ECB99C006A0F22 /* UUSplashView.h */ = {isa = PBXFileReference; fileEncoding = 4; lastKnownFileType = sourcecode.c.h; path = UUSplashView.h; sourceTree = "<group>"; };
		CA16ECFA18ECB99C006A0F22 /* UUSplashView.m */ = {isa = PBXFileReference; fileEncoding = 4; lastKnownFileType = sourcecode.c.objc; path = UUSplashView.m; sourceTree = "<group>"; };
		CA16ECFC18ECBDCE006A0F22 /* greenUSplash320x568.png */ = {isa = PBXFileReference; lastKnownFileType = image.png; path = greenUSplash320x568.png; sourceTree = "<group>"; };
		CA16ECFE18ECBDD4006A0F22 /* greenUSplash320x480.png */ = {isa = PBXFileReference; lastKnownFileType = image.png; path = greenUSplash320x480.png; sourceTree = "<group>"; };
		CA4AEC7418AA885B0074494F /* UUGreenU.app */ = {isa = PBXFileReference; explicitFileType = wrapper.application; includeInIndex = 0; path = UUGreenU.app; sourceTree = BUILT_PRODUCTS_DIR; };
		CA4AEC7718AA885B0074494F /* Foundation.framework */ = {isa = PBXFileReference; lastKnownFileType = wrapper.framework; name = Foundation.framework; path = System/Library/Frameworks/Foundation.framework; sourceTree = SDKROOT; };
		CA4AEC7918AA885B0074494F /* CoreGraphics.framework */ = {isa = PBXFileReference; lastKnownFileType = wrapper.framework; name = CoreGraphics.framework; path = System/Library/Frameworks/CoreGraphics.framework; sourceTree = SDKROOT; };
		CA4AEC7B18AA885B0074494F /* UIKit.framework */ = {isa = PBXFileReference; lastKnownFileType = wrapper.framework; name = UIKit.framework; path = System/Library/Frameworks/UIKit.framework; sourceTree = SDKROOT; };
		CA4AEC7F18AA885B0074494F /* UUGreenU-Info.plist */ = {isa = PBXFileReference; lastKnownFileType = text.plist.xml; path = "UUGreenU-Info.plist"; sourceTree = "<group>"; };
		CA4AEC8118AA885B0074494F /* en */ = {isa = PBXFileReference; lastKnownFileType = text.plist.strings; name = en; path = en.lproj/InfoPlist.strings; sourceTree = "<group>"; };
		CA4AEC8318AA885B0074494F /* main.m */ = {isa = PBXFileReference; lastKnownFileType = sourcecode.c.objc; path = main.m; sourceTree = "<group>"; };
		CA4AEC8518AA885B0074494F /* UUGreenU-Prefix.pch */ = {isa = PBXFileReference; lastKnownFileType = sourcecode.c.h; path = "UUGreenU-Prefix.pch"; sourceTree = "<group>"; };
		CA4AEC8618AA885B0074494F /* UUAppDelegate.h */ = {isa = PBXFileReference; lastKnownFileType = sourcecode.c.h; path = UUAppDelegate.h; sourceTree = "<group>"; };
		CA4AEC8718AA885B0074494F /* UUAppDelegate.m */ = {isa = PBXFileReference; lastKnownFileType = sourcecode.c.objc; path = UUAppDelegate.m; sourceTree = "<group>"; };
		CA4AEC8918AA885B0074494F /* Images.xcassets */ = {isa = PBXFileReference; lastKnownFileType = folder.assetcatalog; path = Images.xcassets; sourceTree = "<group>"; };
		CA4AEC8F18AA885B0074494F /* UUGreenUTests.xctest */ = {isa = PBXFileReference; explicitFileType = wrapper.cfbundle; includeInIndex = 0; path = UUGreenUTests.xctest; sourceTree = BUILT_PRODUCTS_DIR; };
		CA4AEC9018AA885B0074494F /* XCTest.framework */ = {isa = PBXFileReference; lastKnownFileType = wrapper.framework; name = XCTest.framework; path = Library/Frameworks/XCTest.framework; sourceTree = DEVELOPER_DIR; };
		CA4AEC9818AA885C0074494F /* UUGreenUTests-Info.plist */ = {isa = PBXFileReference; lastKnownFileType = text.plist.xml; path = "UUGreenUTests-Info.plist"; sourceTree = "<group>"; };
		CA4AEC9A18AA885C0074494F /* en */ = {isa = PBXFileReference; lastKnownFileType = text.plist.strings; name = en; path = en.lproj/InfoPlist.strings; sourceTree = "<group>"; };
		CA4AEC9C18AA885C0074494F /* UUGreenUTests.m */ = {isa = PBXFileReference; lastKnownFileType = sourcecode.c.objc; path = UUGreenUTests.m; sourceTree = "<group>"; };
		CA4AECA918AAB47C0074494F /* background320x480.png */ = {isa = PBXFileReference; lastKnownFileType = image.png; path = background320x480.png; sourceTree = "<group>"; };
		CA4AECAB18AAB4830074494F /* background320x568.png */ = {isa = PBXFileReference; lastKnownFileType = image.png; path = background320x568.png; sourceTree = "<group>"; };
		CA4AECAF18AAB8600074494F /* UUNetworkConstants.h */ = {isa = PBXFileReference; lastKnownFileType = sourcecode.c.h; path = UUNetworkConstants.h; sourceTree = "<group>"; };
		CA4AECB018AAB98A0074494F /* UUModel.h */ = {isa = PBXFileReference; fileEncoding = 4; lastKnownFileType = sourcecode.c.h; path = UUModel.h; sourceTree = "<group>"; };
		CA4AECB118AAB98A0074494F /* UUModel.m */ = {isa = PBXFileReference; fileEncoding = 4; lastKnownFileType = sourcecode.c.objc; path = UUModel.m; sourceTree = "<group>"; };
		CA4AECB318AAB99F0074494F /* UUApplicationConstants.h */ = {isa = PBXFileReference; fileEncoding = 4; lastKnownFileType = sourcecode.c.h; path = UUApplicationConstants.h; sourceTree = "<group>"; };
		CA4AECB418AAB99F0074494F /* UUApplicationConstants.m */ = {isa = PBXFileReference; fileEncoding = 4; lastKnownFileType = sourcecode.c.objc; path = UUApplicationConstants.m; sourceTree = "<group>"; };
		CA4AECB718AABD390074494F /* UULoginViewController.h */ = {isa = PBXFileReference; fileEncoding = 4; lastKnownFileType = sourcecode.c.h; path = UULoginViewController.h; sourceTree = "<group>"; };
		CA4AECB818AABD390074494F /* UULoginViewController.m */ = {isa = PBXFileReference; fileEncoding = 4; lastKnownFileType = sourcecode.c.objc; path = UULoginViewController.m; sourceTree = "<group>"; };
		CA4AECBA18AABD4D0074494F /* UULoginView.h */ = {isa = PBXFileReference; fileEncoding = 4; lastKnownFileType = sourcecode.c.h; path = UULoginView.h; sourceTree = "<group>"; };
		CA4AECBB18AABD4D0074494F /* UULoginView.m */ = {isa = PBXFileReference; fileEncoding = 4; lastKnownFileType = sourcecode.c.objc; path = UULoginView.m; sourceTree = "<group>"; };
		CA4AECBD18AABD6D0074494F /* UUMainViewController.h */ = {isa = PBXFileReference; fileEncoding = 4; lastKnownFileType = sourcecode.c.h; path = UUMainViewController.h; sourceTree = "<group>"; };
		CA4AECBE18AABD6D0074494F /* UUMainViewController.m */ = {isa = PBXFileReference; fileEncoding = 4; lastKnownFileType = sourcecode.c.objc; path = UUMainViewController.m; sourceTree = "<group>"; };
		CA4AECC018AABD840074494F /* UUMainView.h */ = {isa = PBXFileReference; fileEncoding = 4; lastKnownFileType = sourcecode.c.h; path = UUMainView.h; sourceTree = "<group>"; };
		CA4AECC118AABD840074494F /* UUMainView.m */ = {isa = PBXFileReference; fileEncoding = 4; lastKnownFileType = sourcecode.c.objc; path = UUMainView.m; sourceTree = "<group>"; };
		CA4AECC418AAD1DA0074494F /* UUNavigationController.h */ = {isa = PBXFileReference; fileEncoding = 4; lastKnownFileType = sourcecode.c.h; path = UUNavigationController.h; sourceTree = "<group>"; };
		CA4AECC518AAD1DA0074494F /* UUNavigationController.m */ = {isa = PBXFileReference; fileEncoding = 4; lastKnownFileType = sourcecode.c.objc; path = UUNavigationController.m; sourceTree = "<group>"; };
		CA4AECCB18AAE1F20074494F /* SVProgressHUD-Prefix.pch */ = {isa = PBXFileReference; fileEncoding = 4; lastKnownFileType = sourcecode.c.h; path = "SVProgressHUD-Prefix.pch"; sourceTree = "<group>"; };
		CA4AECCC18AAE1F20074494F /* SVProgressHUD.bundle */ = {isa = PBXFileReference; lastKnownFileType = "wrapper.plug-in"; path = SVProgressHUD.bundle; sourceTree = "<group>"; };
		CA4AECCD18AAE1F20074494F /* SVProgressHUD.h */ = {isa = PBXFileReference; fileEncoding = 4; lastKnownFileType = sourcecode.c.h; path = SVProgressHUD.h; sourceTree = "<group>"; };
		CA4AECCE18AAE1F20074494F /* SVProgressHUD.m */ = {isa = PBXFileReference; fileEncoding = 4; lastKnownFileType = sourcecode.c.objc; path = SVProgressHUD.m; sourceTree = "<group>"; };
		CA4AECD118AAE22B0074494F /* QuartzCore.framework */ = {isa = PBXFileReference; lastKnownFileType = wrapper.framework; name = QuartzCore.framework; path = System/Library/Frameworks/QuartzCore.framework; sourceTree = SDKROOT; };
		CA897C01193ECDA300A2D101 /* teams-notactivered.png */ = {isa = PBXFileReference; lastKnownFileType = image.png; path = "teams-notactivered.png"; sourceTree = "<group>"; };
		CA897C03193ECDA900A2D101 /* teams-notactiveyellow.png */ = {isa = PBXFileReference; lastKnownFileType = image.png; path = "teams-notactiveyellow.png"; sourceTree = "<group>"; };
		CA897C05193ECDAF00A2D101 /* teams-notactivegreen.png */ = {isa = PBXFileReference; lastKnownFileType = image.png; path = "teams-notactivegreen.png"; sourceTree = "<group>"; };
		CA897C07193ECDBE00A2D101 /* donebutton.png */ = {isa = PBXFileReference; lastKnownFileType = image.png; path = donebutton.png; sourceTree = "<group>"; };
		CA897C09193EDC3800A2D101 /* calendargradient.png */ = {isa = PBXFileReference; lastKnownFileType = image.png; path = calendargradient.png; sourceTree = "<group>"; };
		CABB80E8193C204200C047E6 /* NSStrinAdditions.h */ = {isa = PBXFileReference; lastKnownFileType = sourcecode.c.h; path = NSStrinAdditions.h; sourceTree = "<group>"; };
		CABB80E9193C2B3F00C047E6 /* UUSesson.h */ = {isa = PBXFileReference; fileEncoding = 4; lastKnownFileType = sourcecode.c.h; path = UUSesson.h; sourceTree = "<group>"; };
		CABB80EA193C2B3F00C047E6 /* UUSesson.m */ = {isa = PBXFileReference; fileEncoding = 4; lastKnownFileType = sourcecode.c.objc; path = UUSesson.m; sourceTree = "<group>"; };
		CACAA75B18D115FA0016714B /* 01January-greennewyear.png */ = {isa = PBXFileReference; lastKnownFileType = image.png; path = "01January-greennewyear.png"; sourceTree = "<group>"; };
		CACAA75D18D116020016714B /* 02February-reusablethinking.png */ = {isa = PBXFileReference; lastKnownFileType = image.png; path = "02February-reusablethinking.png"; sourceTree = "<group>"; };
		CACAA75F18D116090016714B /* 03March-greenproducts.png */ = {isa = PBXFileReference; lastKnownFileType = image.png; path = "03March-greenproducts.png"; sourceTree = "<group>"; };
		CACAA76118D1160F0016714B /* 04April-EnjoytheTrees.png */ = {isa = PBXFileReference; lastKnownFileType = image.png; path = "04April-EnjoytheTrees.png"; sourceTree = "<group>"; };
		CACAA76318D116150016714B /* 05May-water.png */ = {isa = PBXFileReference; lastKnownFileType = image.png; path = "05May-water.png"; sourceTree = "<group>"; };
		CACAA76518D116190016714B /* 06June-SummerPowerdown.png */ = {isa = PBXFileReference; lastKnownFileType = image.png; path = "06June-SummerPowerdown.png"; sourceTree = "<group>"; };
		CACAA76718D1161F0016714B /* 07July-AirQuality.png */ = {isa = PBXFileReference; lastKnownFileType = image.png; path = "07July-AirQuality.png"; sourceTree = "<group>"; };
		CACAA76918D116240016714B /* 08August-GreenCommunities.png */ = {isa = PBXFileReference; lastKnownFileType = image.png; path = "08August-GreenCommunities.png"; sourceTree = "<group>"; };
		CACAA76B18D116290016714B /* 09September-IdleFree.png */ = {isa = PBXFileReference; lastKnownFileType = image.png; path = "09September-IdleFree.png"; sourceTree = "<group>"; };
		CACAA76D18D1162E0016714B /* 10October-FoodforThought.png */ = {isa = PBXFileReference; lastKnownFileType = image.png; path = "10October-FoodforThought.png"; sourceTree = "<group>"; };
		CACAA76F18D116330016714B /* 11November-RecycleThat.png */ = {isa = PBXFileReference; lastKnownFileType = image.png; path = "11November-RecycleThat.png"; sourceTree = "<group>"; };
		CACAA77118D116380016714B /* 12December-WinterizeYourHome.png */ = {isa = PBXFileReference; lastKnownFileType = image.png; path = "12December-WinterizeYourHome.png"; sourceTree = "<group>"; };
		CACAA77418D116510016714B /* aboutwtext.png */ = {isa = PBXFileReference; lastKnownFileType = image.png; path = aboutwtext.png; sourceTree = "<group>"; };
		CACAA77618D116550016714B /* profilewtext.png */ = {isa = PBXFileReference; lastKnownFileType = image.png; path = profilewtext.png; sourceTree = "<group>"; };
		CACAA77818D116610016714B /* challengewtext.png */ = {isa = PBXFileReference; lastKnownFileType = image.png; path = challengewtext.png; sourceTree = "<group>"; };
		CACAA77A18D116660016714B /* topuserswtext.png */ = {isa = PBXFileReference; lastKnownFileType = image.png; path = topuserswtext.png; sourceTree = "<group>"; };
		CACAA77C18D1166B0016714B /* teamswtext.png */ = {isa = PBXFileReference; lastKnownFileType = image.png; path = teamswtext.png; sourceTree = "<group>"; };
		CAD36F9619154BE70060BB66 /* UserInfo.plist */ = {isa = PBXFileReference; fileEncoding = 4; lastKnownFileType = text.plist.xml; path = UserInfo.plist; sourceTree = "<group>"; };
		CAD8F5591925300100767ADE /* UUSpecificChallengeViewController.h */ = {isa = PBXFileReference; fileEncoding = 4; lastKnownFileType = sourcecode.c.h; path = UUSpecificChallengeViewController.h; sourceTree = "<group>"; };
		CAD8F55A1925300100767ADE /* UUSpecificChallengeViewController.m */ = {isa = PBXFileReference; fileEncoding = 4; lastKnownFileType = sourcecode.c.objc; path = UUSpecificChallengeViewController.m; sourceTree = "<group>"; };
		CAD8F55C1925301800767ADE /* UUSpecificChallengeView.h */ = {isa = PBXFileReference; fileEncoding = 4; lastKnownFileType = sourcecode.c.h; path = UUSpecificChallengeView.h; sourceTree = "<group>"; };
		CAD8F55D1925301800767ADE /* UUSpecificChallengeView.m */ = {isa = PBXFileReference; fileEncoding = 4; lastKnownFileType = sourcecode.c.objc; path = UUSpecificChallengeView.m; sourceTree = "<group>"; };
		CAD8F55F1925409E00767ADE /* UUCalendarView.h */ = {isa = PBXFileReference; fileEncoding = 4; lastKnownFileType = sourcecode.c.h; path = UUCalendarView.h; sourceTree = "<group>"; };
		CAD8F5601925409E00767ADE /* UUCalendarView.m */ = {isa = PBXFileReference; fileEncoding = 4; lastKnownFileType = sourcecode.c.objc; path = UUCalendarView.m; sourceTree = "<group>"; };
		CAD8F562192541DF00767ADE /* calendarIcon.png */ = {isa = PBXFileReference; lastKnownFileType = image.png; path = calendarIcon.png; sourceTree = "<group>"; };
		CAD8F5641925452200767ADE /* checkbox_full.ico */ = {isa = PBXFileReference; lastKnownFileType = image.ico; path = checkbox_full.ico; sourceTree = "<group>"; };
		CAD8F5661925453900767ADE /* checkbox_empty.ico */ = {isa = PBXFileReference; lastKnownFileType = image.ico; path = checkbox_empty.ico; sourceTree = "<group>"; };
		CAD8F5681925486100767ADE /* TwitterIconSmall.png */ = {isa = PBXFileReference; lastKnownFileType = image.png; path = TwitterIconSmall.png; sourceTree = "<group>"; };
		CAFA0E7918AB095300D2871F /* UUChallengeViewController.h */ = {isa = PBXFileReference; fileEncoding = 4; lastKnownFileType = sourcecode.c.h; path = UUChallengeViewController.h; sourceTree = "<group>"; };
		CAFA0E7A18AB095300D2871F /* UUChallengeViewController.m */ = {isa = PBXFileReference; fileEncoding = 4; lastKnownFileType = sourcecode.c.objc; path = UUChallengeViewController.m; sourceTree = "<group>"; };
		CAFA0E7C18AB096900D2871F /* UUChallengeView.h */ = {isa = PBXFileReference; fileEncoding = 4; lastKnownFileType = sourcecode.c.h; path = UUChallengeView.h; sourceTree = "<group>"; };
		CAFA0E7D18AB096900D2871F /* UUChallengeView.m */ = {isa = PBXFileReference; fileEncoding = 4; lastKnownFileType = sourcecode.c.objc; path = UUChallengeView.m; sourceTree = "<group>"; };
		CAFA0E7F18AB099400D2871F /* UUTopUsersViewController.h */ = {isa = PBXFileReference; fileEncoding = 4; lastKnownFileType = sourcecode.c.h; path = UUTopUsersViewController.h; sourceTree = "<group>"; };
		CAFA0E8018AB099400D2871F /* UUTopUsersViewController.m */ = {isa = PBXFileReference; fileEncoding = 4; lastKnownFileType = sourcecode.c.objc; path = UUTopUsersViewController.m; sourceTree = "<group>"; };
		CAFA0E8218AB09A900D2871F /* UUTopUsersView.h */ = {isa = PBXFileReference; fileEncoding = 4; lastKnownFileType = sourcecode.c.h; path = UUTopUsersView.h; sourceTree = "<group>"; };
		CAFA0E8318AB09A900D2871F /* UUTopUsersView.m */ = {isa = PBXFileReference; fileEncoding = 4; lastKnownFileType = sourcecode.c.objc; path = UUTopUsersView.m; sourceTree = "<group>"; };
		CAFA0E8518AB09C300D2871F /* UUTeamsViewController.h */ = {isa = PBXFileReference; fileEncoding = 4; lastKnownFileType = sourcecode.c.h; path = UUTeamsViewController.h; sourceTree = "<group>"; };
		CAFA0E8618AB09C300D2871F /* UUTeamsViewController.m */ = {isa = PBXFileReference; fileEncoding = 4; lastKnownFileType = sourcecode.c.objc; path = UUTeamsViewController.m; sourceTree = "<group>"; };
		CAFA0E8818AB09D600D2871F /* UUTeamsView.h */ = {isa = PBXFileReference; fileEncoding = 4; lastKnownFileType = sourcecode.c.h; path = UUTeamsView.h; sourceTree = "<group>"; };
		CAFA0E8918AB09D600D2871F /* UUTeamsView.m */ = {isa = PBXFileReference; fileEncoding = 4; lastKnownFileType = sourcecode.c.objc; path = UUTeamsView.m; sourceTree = "<group>"; };
		CAFA0E8B18AB09EB00D2871F /* UUAboutViewController.h */ = {isa = PBXFileReference; fileEncoding = 4; lastKnownFileType = sourcecode.c.h; path = UUAboutViewController.h; sourceTree = "<group>"; };
		CAFA0E8C18AB09EB00D2871F /* UUAboutViewController.m */ = {isa = PBXFileReference; fileEncoding = 4; lastKnownFileType = sourcecode.c.objc; path = UUAboutViewController.m; sourceTree = "<group>"; };
		CAFA0E8E18AB09FC00D2871F /* UUAboutView.h */ = {isa = PBXFileReference; fileEncoding = 4; lastKnownFileType = sourcecode.c.h; path = UUAboutView.h; sourceTree = "<group>"; };
		CAFA0E8F18AB09FC00D2871F /* UUAboutView.m */ = {isa = PBXFileReference; fileEncoding = 4; lastKnownFileType = sourcecode.c.objc; path = UUAboutView.m; sourceTree = "<group>"; };
		CAFA0E9718AB0A4300D2871F /* UUProfileViewController.h */ = {isa = PBXFileReference; fileEncoding = 4; lastKnownFileType = sourcecode.c.h; path = UUProfileViewController.h; sourceTree = "<group>"; };
		CAFA0E9818AB0A4300D2871F /* UUProfileViewController.m */ = {isa = PBXFileReference; fileEncoding = 4; lastKnownFileType = sourcecode.c.objc; path = UUProfileViewController.m; sourceTree = "<group>"; };
		CAFA0E9A18AB0A5700D2871F /* UUProfileView.h */ = {isa = PBXFileReference; fileEncoding = 4; lastKnownFileType = sourcecode.c.h; path = UUProfileView.h; sourceTree = "<group>"; };
		CAFA0E9B18AB0A5700D2871F /* UUProfileView.m */ = {isa = PBXFileReference; fileEncoding = 4; lastKnownFileType = sourcecode.c.objc; path = UUProfileView.m; sourceTree = "<group>"; };
		CAFA0EAF18ABED6E00D2871F /* logo_greenu_final.png */ = {isa = PBXFileReference; lastKnownFileType = image.png; path = logo_greenu_final.png; sourceTree = "<group>"; };
		CAFA0EB118ABEDB200D2871F /* grayButton.png */ = {isa = PBXFileReference; lastKnownFileType = image.png; path = grayButton.png; sourceTree = "<group>"; };
		CAFA0EB318ABEDD300D2871F /* blueButton.png */ = {isa = PBXFileReference; lastKnownFileType = image.png; path = blueButton.png; sourceTree = "<group>"; };
		CAFA0EB518ABEDF200D2871F /* FacebookIconSmall.png */ = {isa = PBXFileReference; lastKnownFileType = image.png; path = FacebookIconSmall.png; sourceTree = "<group>"; };
		CAFA0EB818ABFB3C00D2871F /* UUCreateUserViewController.h */ = {isa = PBXFileReference; fileEncoding = 4; lastKnownFileType = sourcecode.c.h; path = UUCreateUserViewController.h; sourceTree = "<group>"; };
		CAFA0EB918ABFB3C00D2871F /* UUCreateUserViewController.m */ = {isa = PBXFileReference; fileEncoding = 4; lastKnownFileType = sourcecode.c.objc; path = UUCreateUserViewController.m; sourceTree = "<group>"; };
		CAFA0EBB18ABFB5200D2871F /* UUCreateUserView.h */ = {isa = PBXFileReference; fileEncoding = 4; lastKnownFileType = sourcecode.c.h; path = UUCreateUserView.h; sourceTree = "<group>"; };
		CAFA0EBC18ABFB5200D2871F /* UUCreateUserView.m */ = {isa = PBXFileReference; fileEncoding = 4; lastKnownFileType = sourcecode.c.objc; path = UUCreateUserView.m; sourceTree = "<group>"; };
		CAFA0EBE18AC17BF00D2871F /* fbLargeIcon.png */ = {isa = PBXFileReference; lastKnownFileType = image.png; path = fbLargeIcon.png; sourceTree = "<group>"; };
		CAFA0EC018AC17E700D2871F /* twitterLargeIcon.png */ = {isa = PBXFileReference; lastKnownFileType = image.png; path = twitterLargeIcon.png; sourceTree = "<group>"; };
		CAFA0EC218AC1A7A00D2871F /* fbLargeIconPressed.png */ = {isa = PBXFileReference; lastKnownFileType = image.png; path = fbLargeIconPressed.png; sourceTree = "<group>"; };
		CAFA0EC418AC1B4800D2871F /* twitterLargeIconPressed.png */ = {isa = PBXFileReference; lastKnownFileType = image.png; path = twitterLargeIconPressed.png; sourceTree = "<group>"; };
		CAFA0EC618C55F9300D2871F /* genericUserImage.png */ = {isa = PBXFileReference; lastKnownFileType = image.png; path = genericUserImage.png; sourceTree = "<group>"; };
		CAFA0EC818C55F9A00D2871F /* genericUserImageSelected.png */ = {isa = PBXFileReference; lastKnownFileType = image.png; path = genericUserImageSelected.png; sourceTree = "<group>"; };
/* End PBXFileReference section */

/* Begin PBXFrameworksBuildPhase section */
		CA4AEC7118AA885B0074494F /* Frameworks */ = {
			isa = PBXFrameworksBuildPhase;
			buildActionMask = 2147483647;
			files = (
				CA4AECD218AAE22B0074494F /* QuartzCore.framework in Frameworks */,
				CA4AEC7A18AA885B0074494F /* CoreGraphics.framework in Frameworks */,
				CA4AEC7C18AA885B0074494F /* UIKit.framework in Frameworks */,
				CA4AEC7818AA885B0074494F /* Foundation.framework in Frameworks */,
			);
			runOnlyForDeploymentPostprocessing = 0;
		};
		CA4AEC8C18AA885B0074494F /* Frameworks */ = {
			isa = PBXFrameworksBuildPhase;
			buildActionMask = 2147483647;
			files = (
				CA4AEC9118AA885C0074494F /* XCTest.framework in Frameworks */,
				CA4AEC9318AA885C0074494F /* UIKit.framework in Frameworks */,
				CA4AEC9218AA885C0074494F /* Foundation.framework in Frameworks */,
			);
			runOnlyForDeploymentPostprocessing = 0;
		};
/* End PBXFrameworksBuildPhase section */

/* Begin PBXGroup section */
		CA0FB3401933ADCA00B97CEC /* TeamsImages */ = {
			isa = PBXGroup;
			children = (
				CA0FB36A1934FAE500B97CEC /* inverted_triangle.png */,
				CA0FB36C1935284500B97CEC /* topusers-green.png */,
				CA0FB3741935381E00B97CEC /* topusers-yellow.png */,
				CA0FB37E19357DB100B97CEC /* whiteline620pxwide.png */,
				CA0FB3761935389800B97CEC /* button-topusers-individual_SELECTED.png */,
				CA0FB378193538A100B97CEC /* button-topusers-individual_NOTSELECTED.png */,
				CA0FB37A193538A700B97CEC /* button-topusers-team_SELECTED.png */,
				CA0FB37C193538AE00B97CEC /* button-topusers-team_NOTSELECTED.png */,
				CA897C01193ECDA300A2D101 /* teams-notactivered.png */,
				CA897C05193ECDAF00A2D101 /* teams-notactivegreen.png */,
				CA897C03193ECDA900A2D101 /* teams-notactiveyellow.png */,
				CA897C07193ECDBE00A2D101 /* donebutton.png */,
			);
			name = TeamsImages;
			sourceTree = "<group>";
		};
		CA0FB3671934D43700B97CEC /* ProfileImages */ = {
			isa = PBXGroup;
			children = (
				CAFA0EC618C55F9300D2871F /* genericUserImage.png */,
				CAFA0EC818C55F9A00D2871F /* genericUserImageSelected.png */,
			);
			name = ProfileImages;
			sourceTree = "<group>";
		};
		CA16ECEF18ECB4E5006A0F22 /* AboutImages */ = {
			isa = PBXGroup;
			children = (
				CA0FB370193528D100B97CEC /* logo_SRCwhitetextredU.png */,
				CA0FB339193390F000B97CEC /* logo_verizon-white.png */,
				CA0FB33B193390F600B97CEC /* logo_SLCseal-white.png */,
				CA0FB37219352EBF00B97CEC /* SimpleSeal_whitew-transp.png */,
				CA0FB33D1933918800B97CEC /* logo_SRC_white.png */,
			);
			name = AboutImages;
			sourceTree = "<group>";
		};
		CA16ECF018ECB5FF006A0F22 /* StartupAndLogoImages */ = {
			isa = PBXGroup;
			children = (
				CAFA0EAF18ABED6E00D2871F /* logo_greenu_final.png */,
				CA4AECA918AAB47C0074494F /* background320x480.png */,
				CA4AECAB18AAB4830074494F /* background320x568.png */,
				CA16ECFC18ECBDCE006A0F22 /* greenUSplash320x568.png */,
				CA16ECFE18ECBDD4006A0F22 /* greenUSplash320x480.png */,
				CAFA0EB518ABEDF200D2871F /* FacebookIconSmall.png */,
				CAFA0EBE18AC17BF00D2871F /* fbLargeIcon.png */,
				CAFA0EC218AC1A7A00D2871F /* fbLargeIconPressed.png */,
				CAD8F5681925486100767ADE /* TwitterIconSmall.png */,
				CAFA0EC018AC17E700D2871F /* twitterLargeIcon.png */,
				CAFA0EC418AC1B4800D2871F /* twitterLargeIconPressed.png */,
			);
			name = StartupAndLogoImages;
			sourceTree = "<group>";
		};
		CA16ECF818ECB922006A0F22 /* SplashView */ = {
			isa = PBXGroup;
			children = (
				CA16ECF518ECB916006A0F22 /* UUSplashViewController.h */,
				CA16ECF618ECB916006A0F22 /* UUSplashViewController.m */,
				CA16ECF918ECB99C006A0F22 /* UUSplashView.h */,
				CA16ECFA18ECB99C006A0F22 /* UUSplashView.m */,
			);
			name = SplashView;
			sourceTree = "<group>";
		};
		CA4AEC6B18AA885B0074494F = {
			isa = PBXGroup;
			children = (
				CA4AEC7D18AA885B0074494F /* UUGreenU */,
				CA4AECA618AA8ADD0074494F /* Images */,
				CA4AEC9618AA885C0074494F /* UUGreenUTests */,
				CA4AEC7618AA885B0074494F /* Frameworks */,
				CA4AECCA18AAE1F20074494F /* SVProgressHUD */,
				CA4AEC7518AA885B0074494F /* Products */,
			);
			sourceTree = "<group>";
		};
		CA4AEC7518AA885B0074494F /* Products */ = {
			isa = PBXGroup;
			children = (
				CA4AEC7418AA885B0074494F /* UUGreenU.app */,
				CA4AEC8F18AA885B0074494F /* UUGreenUTests.xctest */,
			);
			name = Products;
			sourceTree = "<group>";
		};
		CA4AEC7618AA885B0074494F /* Frameworks */ = {
			isa = PBXGroup;
			children = (
				CA4AECD118AAE22B0074494F /* QuartzCore.framework */,
				CA4AEC7718AA885B0074494F /* Foundation.framework */,
				CA4AEC7918AA885B0074494F /* CoreGraphics.framework */,
				CA4AEC7B18AA885B0074494F /* UIKit.framework */,
				CA4AEC9018AA885B0074494F /* XCTest.framework */,
			);
			name = Frameworks;
			sourceTree = "<group>";
		};
		CA4AEC7D18AA885B0074494F /* UUGreenU */ = {
			isa = PBXGroup;
			children = (
				CA4AEC8618AA885B0074494F /* UUAppDelegate.h */,
				CA4AEC8718AA885B0074494F /* UUAppDelegate.m */,
				CA4AEC8918AA885B0074494F /* Images.xcassets */,
				CA4AECA818AA8B130074494F /* ViewsAndControllers */,
				CA4AECA718AA8AFB0074494F /* Model */,
				CA4AEC7E18AA885B0074494F /* Supporting Files */,
			);
			path = UUGreenU;
			sourceTree = "<group>";
		};
		CA4AEC7E18AA885B0074494F /* Supporting Files */ = {
			isa = PBXGroup;
			children = (
				CA4AEC7F18AA885B0074494F /* UUGreenU-Info.plist */,
				CA4AEC8018AA885B0074494F /* InfoPlist.strings */,
				CA4AEC8318AA885B0074494F /* main.m */,
				CA4AEC8518AA885B0074494F /* UUGreenU-Prefix.pch */,
				CAD36F9619154BE70060BB66 /* UserInfo.plist */,
			);
			name = "Supporting Files";
			sourceTree = "<group>";
		};
		CA4AEC9618AA885C0074494F /* UUGreenUTests */ = {
			isa = PBXGroup;
			children = (
				CA4AEC9C18AA885C0074494F /* UUGreenUTests.m */,
				CA4AEC9718AA885C0074494F /* Supporting Files */,
			);
			path = UUGreenUTests;
			sourceTree = "<group>";
		};
		CA4AEC9718AA885C0074494F /* Supporting Files */ = {
			isa = PBXGroup;
			children = (
				CA4AEC9818AA885C0074494F /* UUGreenUTests-Info.plist */,
				CA4AEC9918AA885C0074494F /* InfoPlist.strings */,
			);
			name = "Supporting Files";
			sourceTree = "<group>";
		};
		CA4AECA618AA8ADD0074494F /* Images */ = {
			isa = PBXGroup;
			children = (
				CA16ECF018ECB5FF006A0F22 /* StartupAndLogoImages */,
				CACAA77318D1163D0016714B /* MainMenuImages */,
				CA0FB3671934D43700B97CEC /* ProfileImages */,
				CACAA75A18D115CC0016714B /* MonthChallengeImages */,
				CA0FB3401933ADCA00B97CEC /* TeamsImages */,
				CA16ECEF18ECB4E5006A0F22 /* AboutImages */,
				CAFA0EB318ABEDD300D2871F /* blueButton.png */,
				CAFA0EB118ABEDB200D2871F /* grayButton.png */,
			);
			name = Images;
			path = UUGreenU;
			sourceTree = "<group>";
		};
		CA4AECA718AA8AFB0074494F /* Model */ = {
			isa = PBXGroup;
			children = (
				CA4AECAF18AAB8600074494F /* UUNetworkConstants.h */,
				CA4AECB018AAB98A0074494F /* UUModel.h */,
				CA4AECB118AAB98A0074494F /* UUModel.m */,
				CABB80E9193C2B3F00C047E6 /* UUSesson.h */,
				CABB80EA193C2B3F00C047E6 /* UUSesson.m */,
				CA4AECB318AAB99F0074494F /* UUApplicationConstants.h */,
				CA4AECB418AAB99F0074494F /* UUApplicationConstants.m */,
				CABB80E8193C204200C047E6 /* NSStrinAdditions.h */,
			);
			name = Model;
			sourceTree = "<group>";
		};
		CA4AECA818AA8B130074494F /* ViewsAndControllers */ = {
			isa = PBXGroup;
			children = (
				CA16ECF818ECB922006A0F22 /* SplashView */,
				CA4AECC318AAD1AB0074494F /* NavigationController */,
				CA4AECAE18AAB7E00074494F /* Login */,
				CAFA0EB718ABFA3900D2871F /* CreateUser */,
				CA4AECAD18AAB7CC0074494F /* Main */,
				CAFA0E7418AB07D700D2871F /* Challenges */,
				CAFA0E7518AB082200D2871F /* TopUsers */,
				CA4AECB618AABCF00074494F /* Teams */,
				CAFA0E7818AB085E00D2871F /* Profile */,
				CAFA0E7618AB084500D2871F /* About */,
			);
			name = ViewsAndControllers;
			sourceTree = "<group>";
		};
		CA4AECAD18AAB7CC0074494F /* Main */ = {
			isa = PBXGroup;
			children = (
				CA4AECBD18AABD6D0074494F /* UUMainViewController.h */,
				CA4AECBE18AABD6D0074494F /* UUMainViewController.m */,
				CA4AECC018AABD840074494F /* UUMainView.h */,
				CA4AECC118AABD840074494F /* UUMainView.m */,
			);
			name = Main;
			sourceTree = "<group>";
		};
		CA4AECAE18AAB7E00074494F /* Login */ = {
			isa = PBXGroup;
			children = (
				CA4AECB718AABD390074494F /* UULoginViewController.h */,
				CA4AECB818AABD390074494F /* UULoginViewController.m */,
				CA4AECBA18AABD4D0074494F /* UULoginView.h */,
				CA4AECBB18AABD4D0074494F /* UULoginView.m */,
			);
			name = Login;
			sourceTree = "<group>";
		};
		CA4AECB618AABCF00074494F /* Teams */ = {
			isa = PBXGroup;
			children = (
				CAFA0E8518AB09C300D2871F /* UUTeamsViewController.h */,
				CAFA0E8618AB09C300D2871F /* UUTeamsViewController.m */,
				CAFA0E8818AB09D600D2871F /* UUTeamsView.h */,
				CAFA0E8918AB09D600D2871F /* UUTeamsView.m */,
			);
			name = Teams;
			sourceTree = "<group>";
		};
		CA4AECC318AAD1AB0074494F /* NavigationController */ = {
			isa = PBXGroup;
			children = (
				CA4AECC418AAD1DA0074494F /* UUNavigationController.h */,
				CA4AECC518AAD1DA0074494F /* UUNavigationController.m */,
			);
			name = NavigationController;
			sourceTree = "<group>";
		};
		CA4AECCA18AAE1F20074494F /* SVProgressHUD */ = {
			isa = PBXGroup;
			children = (
				CA4AECCB18AAE1F20074494F /* SVProgressHUD-Prefix.pch */,
				CA4AECCC18AAE1F20074494F /* SVProgressHUD.bundle */,
				CA4AECCD18AAE1F20074494F /* SVProgressHUD.h */,
				CA4AECCE18AAE1F20074494F /* SVProgressHUD.m */,
			);
			path = SVProgressHUD;
			sourceTree = "<group>";
		};
		CACAA75A18D115CC0016714B /* MonthChallengeImages */ = {
			isa = PBXGroup;
			children = (
				CA0FB325192D184500B97CEC /* ChallengeNum1Image.png */,
				CA0FB327192D191300B97CEC /* ChallengeNum2Image.png */,
				CA0FB329192D191A00B97CEC /* ChallengeNum3Image.png */,
				CA0B09FE19366BA600A9F57F /* button-challenge-challenges_NOTSELECTED.png */,
				CA0B0A0019366BAC00A9F57F /* button-challenge-challenges_SELECTED.png */,
				CA0B0A0219366BB200A9F57F /* button-challenge-information_NOTSELECTED.png */,
				CA0B0A0419366BB800A9F57F /* button-challenge-information_SELECTED.png */,
				CAD8F5661925453900767ADE /* checkbox_empty.ico */,
				CAD8F5641925452200767ADE /* checkbox_full.ico */,
				CAD8F562192541DF00767ADE /* calendarIcon.png */,
				CACAA75B18D115FA0016714B /* 01January-greennewyear.png */,
				CACAA75D18D116020016714B /* 02February-reusablethinking.png */,
				CACAA75F18D116090016714B /* 03March-greenproducts.png */,
				CACAA76118D1160F0016714B /* 04April-EnjoytheTrees.png */,
				CACAA76318D116150016714B /* 05May-water.png */,
				CACAA76518D116190016714B /* 06June-SummerPowerdown.png */,
				CACAA76718D1161F0016714B /* 07July-AirQuality.png */,
				CACAA76918D116240016714B /* 08August-GreenCommunities.png */,
				CACAA76B18D116290016714B /* 09September-IdleFree.png */,
				CACAA76D18D1162E0016714B /* 10October-FoodforThought.png */,
				CACAA76F18D116330016714B /* 11November-RecycleThat.png */,
				CACAA77118D116380016714B /* 12December-WinterizeYourHome.png */,
				CA0FB331192E3EA100B97CEC /* standardCalendarButton.png */,
				CA0FB333192E3EA600B97CEC /* selectedCalendarButton.png */,
				CA0FB335192E3EAB00B97CEC /* disabledCalendarButton.png */,
				CA0FB337192E3EB000B97CEC /* userCompletedButton.png */,
				CA897C09193EDC3800A2D101 /* calendargradient.png */,
			);
			name = MonthChallengeImages;
			sourceTree = "<group>";
		};
		CACAA77318D1163D0016714B /* MainMenuImages */ = {
			isa = PBXGroup;
			children = (
				CA0FB31B192D131300B97CEC /* mainmenu_blue.png */,
				CA0FB319192D130E00B97CEC /* mainmenu_red.png */,
				CA0FB317192D130800B97CEC /* mainmenu_yellow.png */,
				CA0FB315192D130300B97CEC /* mainmenu_orange.png */,
				CA0FB313192D12FE00B97CEC /* mainmenu_green.png */,
				CACAA77418D116510016714B /* aboutwtext.png */,
				CACAA77618D116550016714B /* profilewtext.png */,
				CACAA77818D116610016714B /* challengewtext.png */,
				CACAA77A18D116660016714B /* topuserswtext.png */,
				CACAA77C18D1166B0016714B /* teamswtext.png */,
			);
			name = MainMenuImages;
			sourceTree = "<group>";
		};
		CAFA0E7418AB07D700D2871F /* Challenges */ = {
			isa = PBXGroup;
			children = (
				CAFA0E7918AB095300D2871F /* UUChallengeViewController.h */,
				CAFA0E7A18AB095300D2871F /* UUChallengeViewController.m */,
				CAFA0E7C18AB096900D2871F /* UUChallengeView.h */,
				CAFA0E7D18AB096900D2871F /* UUChallengeView.m */,
				CA0B09F8193668DD00A9F57F /* UUChallengeTabViewController.h */,
				CA0B09F9193668DD00A9F57F /* UUChallengeTabViewController.m */,
				CA0B09FB1936692700A9F57F /* UUChallengeTabView.h */,
				CA0B09FC1936692700A9F57F /* UUChallengeTabView.m */,
				CAD8F5591925300100767ADE /* UUSpecificChallengeViewController.h */,
				CAD8F55A1925300100767ADE /* UUSpecificChallengeViewController.m */,
				CAD8F55C1925301800767ADE /* UUSpecificChallengeView.h */,
				CAD8F55D1925301800767ADE /* UUSpecificChallengeView.m */,
				CAD8F55F1925409E00767ADE /* UUCalendarView.h */,
				CAD8F5601925409E00767ADE /* UUCalendarView.m */,
			);
			name = Challenges;
			sourceTree = "<group>";
		};
		CAFA0E7518AB082200D2871F /* TopUsers */ = {
			isa = PBXGroup;
			children = (
				CAFA0E7F18AB099400D2871F /* UUTopUsersViewController.h */,
				CAFA0E8018AB099400D2871F /* UUTopUsersViewController.m */,
				CAFA0E8218AB09A900D2871F /* UUTopUsersView.h */,
				CAFA0E8318AB09A900D2871F /* UUTopUsersView.m */,
				CA0FB35C1933F37900B97CEC /* UUShowTopUsersViewController.h */,
				CA0FB35D1933F37900B97CEC /* UUShowTopUsersViewController.m */,
				CA0FB35F1933F3B000B97CEC /* UUShowTopUsersView.h */,
				CA0FB3601933F3B000B97CEC /* UUShowTopUsersView.m */,
			);
			name = TopUsers;
			sourceTree = "<group>";
		};
		CAFA0E7618AB084500D2871F /* About */ = {
			isa = PBXGroup;
			children = (
				CAFA0E8B18AB09EB00D2871F /* UUAboutViewController.h */,
				CAFA0E8C18AB09EB00D2871F /* UUAboutViewController.m */,
				CAFA0E8E18AB09FC00D2871F /* UUAboutView.h */,
				CAFA0E8F18AB09FC00D2871F /* UUAboutView.m */,
			);
			name = About;
			sourceTree = "<group>";
		};
		CAFA0E7818AB085E00D2871F /* Profile */ = {
			isa = PBXGroup;
			children = (
				CAFA0E9718AB0A4300D2871F /* UUProfileViewController.h */,
				CAFA0E9818AB0A4300D2871F /* UUProfileViewController.m */,
				CAFA0E9A18AB0A5700D2871F /* UUProfileView.h */,
				CAFA0E9B18AB0A5700D2871F /* UUProfileView.m */,
			);
			name = Profile;
			sourceTree = "<group>";
		};
		CAFA0EB718ABFA3900D2871F /* CreateUser */ = {
			isa = PBXGroup;
			children = (
				CAFA0EB818ABFB3C00D2871F /* UUCreateUserViewController.h */,
				CAFA0EB918ABFB3C00D2871F /* UUCreateUserViewController.m */,
				CAFA0EBB18ABFB5200D2871F /* UUCreateUserView.h */,
				CAFA0EBC18ABFB5200D2871F /* UUCreateUserView.m */,
			);
			name = CreateUser;
			sourceTree = "<group>";
		};
/* End PBXGroup section */

/* Begin PBXNativeTarget section */
		CA4AEC7318AA885B0074494F /* UUGreenU */ = {
			isa = PBXNativeTarget;
			buildConfigurationList = CA4AECA018AA885C0074494F /* Build configuration list for PBXNativeTarget "UUGreenU" */;
			buildPhases = (
				CA4AEC7018AA885B0074494F /* Sources */,
				CA4AEC7118AA885B0074494F /* Frameworks */,
				CA4AEC7218AA885B0074494F /* Resources */,
			);
			buildRules = (
			);
			dependencies = (
			);
			name = UUGreenU;
			productName = UUGreenU;
			productReference = CA4AEC7418AA885B0074494F /* UUGreenU.app */;
			productType = "com.apple.product-type.application";
		};
		CA4AEC8E18AA885B0074494F /* UUGreenUTests */ = {
			isa = PBXNativeTarget;
			buildConfigurationList = CA4AECA318AA885C0074494F /* Build configuration list for PBXNativeTarget "UUGreenUTests" */;
			buildPhases = (
				CA4AEC8B18AA885B0074494F /* Sources */,
				CA4AEC8C18AA885B0074494F /* Frameworks */,
				CA4AEC8D18AA885B0074494F /* Resources */,
			);
			buildRules = (
			);
			dependencies = (
				CA4AEC9518AA885C0074494F /* PBXTargetDependency */,
			);
			name = UUGreenUTests;
			productName = UUGreenUTests;
			productReference = CA4AEC8F18AA885B0074494F /* UUGreenUTests.xctest */;
			productType = "com.apple.product-type.bundle.unit-test";
		};
/* End PBXNativeTarget section */

/* Begin PBXProject section */
		CA4AEC6C18AA885B0074494F /* Project object */ = {
			isa = PBXProject;
			attributes = {
				CLASSPREFIX = UU;
				LastUpgradeCheck = 0510;
				ORGANIZATIONNAME = "University of Utah";
				TargetAttributes = {
					CA4AEC8E18AA885B0074494F = {
						TestTargetID = CA4AEC7318AA885B0074494F;
					};
				};
			};
			buildConfigurationList = CA4AEC6F18AA885B0074494F /* Build configuration list for PBXProject "UUGreenU" */;
			compatibilityVersion = "Xcode 3.2";
			developmentRegion = English;
			hasScannedForEncodings = 0;
			knownRegions = (
				en,
			);
			mainGroup = CA4AEC6B18AA885B0074494F;
			productRefGroup = CA4AEC7518AA885B0074494F /* Products */;
			projectDirPath = "";
			projectRoot = "";
			targets = (
				CA4AEC7318AA885B0074494F /* UUGreenU */,
				CA4AEC8E18AA885B0074494F /* UUGreenUTests */,
			);
		};
/* End PBXProject section */

/* Begin PBXResourcesBuildPhase section */
		CA4AEC7218AA885B0074494F /* Resources */ = {
			isa = PBXResourcesBuildPhase;
			buildActionMask = 2147483647;
			files = (
				CA897C04193ECDA900A2D101 /* teams-notactiveyellow.png in Resources */,
				CAFA0EC718C55F9300D2871F /* genericUserImage.png in Resources */,
				CA0FB32A192D191A00B97CEC /* ChallengeNum3Image.png in Resources */,
				CA897C06193ECDAF00A2D101 /* teams-notactivegreen.png in Resources */,
				CA0FB328192D191300B97CEC /* ChallengeNum2Image.png in Resources */,
				CA0FB326192D184500B97CEC /* ChallengeNum1Image.png in Resources */,
				CAD8F563192541DF00767ADE /* calendarIcon.png in Resources */,
				CACAA75C18D115FA0016714B /* 01January-greennewyear.png in Resources */,
				CA0FB33C193390F600B97CEC /* logo_SLCseal-white.png in Resources */,
				CA0FB336192E3EAB00B97CEC /* disabledCalendarButton.png in Resources */,
				CA0FB3771935389800B97CEC /* button-topusers-individual_SELECTED.png in Resources */,
				CACAA77918D116610016714B /* challengewtext.png in Resources */,
				CA0B0A0319366BB200A9F57F /* button-challenge-information_NOTSELECTED.png in Resources */,
				CACAA76418D116150016714B /* 05May-water.png in Resources */,
				CA0FB338192E3EB000B97CEC /* userCompletedButton.png in Resources */,
				CA4AECAC18AAB4830074494F /* background320x568.png in Resources */,
				CACAA77218D116380016714B /* 12December-WinterizeYourHome.png in Resources */,
				CA0FB37319352EBF00B97CEC /* SimpleSeal_whitew-transp.png in Resources */,
				CA4AECCF18AAE1F20074494F /* SVProgressHUD.bundle in Resources */,
				CA4AECAA18AAB47C0074494F /* background320x480.png in Resources */,
				CAFA0EB018ABED6E00D2871F /* logo_greenu_final.png in Resources */,
				CA0FB316192D130300B97CEC /* mainmenu_orange.png in Resources */,
				CACAA76618D116190016714B /* 06June-SummerPowerdown.png in Resources */,
				CA0B09FF19366BA600A9F57F /* button-challenge-challenges_NOTSELECTED.png in Resources */,
				CACAA76C18D116290016714B /* 09September-IdleFree.png in Resources */,
				CACAA76218D1160F0016714B /* 04April-EnjoytheTrees.png in Resources */,
				CACAA77B18D116660016714B /* topuserswtext.png in Resources */,
				CA0FB371193528D100B97CEC /* logo_SRCwhitetextredU.png in Resources */,
				CA0FB31A192D130E00B97CEC /* mainmenu_red.png in Resources */,
				CACAA76018D116090016714B /* 03March-greenproducts.png in Resources */,
				CA0FB37B193538A700B97CEC /* button-topusers-team_SELECTED.png in Resources */,
				CAFA0EC118AC17E700D2871F /* twitterLargeIcon.png in Resources */,
				CAFA0EC918C55F9A00D2871F /* genericUserImageSelected.png in Resources */,
				CAFA0EC518AC1B4800D2871F /* twitterLargeIconPressed.png in Resources */,
				CA4AEC8218AA885B0074494F /* InfoPlist.strings in Resources */,
				CA897C08193ECDBE00A2D101 /* donebutton.png in Resources */,
				CA897C02193ECDA300A2D101 /* teams-notactivered.png in Resources */,
				CA0FB36B1934FAE500B97CEC /* inverted_triangle.png in Resources */,
				CA16ECFF18ECBDD4006A0F22 /* greenUSplash320x480.png in Resources */,
				CA0FB36D1935284500B97CEC /* topusers-green.png in Resources */,
				CA0FB379193538A100B97CEC /* button-topusers-individual_NOTSELECTED.png in Resources */,
				CA0FB318192D130800B97CEC /* mainmenu_yellow.png in Resources */,
				CAD36F9719154BE70060BB66 /* UserInfo.plist in Resources */,
				CAFA0EB418ABEDD300D2871F /* blueButton.png in Resources */,
				CACAA77018D116330016714B /* 11November-RecycleThat.png in Resources */,
				CAFA0EBF18AC17BF00D2871F /* fbLargeIcon.png in Resources */,
				CACAA75E18D116020016714B /* 02February-reusablethinking.png in Resources */,
				CA0B0A0519366BB800A9F57F /* button-challenge-information_SELECTED.png in Resources */,
				CACAA76E18D1162E0016714B /* 10October-FoodforThought.png in Resources */,
				CACAA77D18D1166B0016714B /* teamswtext.png in Resources */,
				CACAA76818D1161F0016714B /* 07July-AirQuality.png in Resources */,
				CA0FB37D193538AE00B97CEC /* button-topusers-team_NOTSELECTED.png in Resources */,
				CA0FB31C192D131300B97CEC /* mainmenu_blue.png in Resources */,
				CAD8F5691925486100767ADE /* TwitterIconSmall.png in Resources */,
				CAFA0EB618ABEDF200D2871F /* FacebookIconSmall.png in Resources */,
				CA0FB33A193390F000B97CEC /* logo_verizon-white.png in Resources */,
				CA0B0A0119366BAC00A9F57F /* button-challenge-challenges_SELECTED.png in Resources */,
				CA0FB332192E3EA100B97CEC /* standardCalendarButton.png in Resources */,
				CA0FB334192E3EA600B97CEC /* selectedCalendarButton.png in Resources */,
				CA16ECFD18ECBDCE006A0F22 /* greenUSplash320x568.png in Resources */,
				CACAA76A18D116240016714B /* 08August-GreenCommunities.png in Resources */,
				CACAA77718D116550016714B /* profilewtext.png in Resources */,
				CACAA77518D116510016714B /* aboutwtext.png in Resources */,
				CA0FB37F19357DB100B97CEC /* whiteline620pxwide.png in Resources */,
				CAFA0EB218ABEDB200D2871F /* grayButton.png in Resources */,
				CAD8F5651925452200767ADE /* checkbox_full.ico in Resources */,
				CA897C0A193EDC3800A2D101 /* calendargradient.png in Resources */,
				CA0FB3751935381E00B97CEC /* topusers-yellow.png in Resources */,
				CA4AEC8A18AA885B0074494F /* Images.xcassets in Resources */,
				CAFA0EC318AC1A7A00D2871F /* fbLargeIconPressed.png in Resources */,
				CA0FB33E1933918800B97CEC /* logo_SRC_white.png in Resources */,
				CAD8F5671925453900767ADE /* checkbox_empty.ico in Resources */,
				CA0FB314192D12FF00B97CEC /* mainmenu_green.png in Resources */,
			);
			runOnlyForDeploymentPostprocessing = 0;
		};
		CA4AEC8D18AA885B0074494F /* Resources */ = {
			isa = PBXResourcesBuildPhase;
			buildActionMask = 2147483647;
			files = (
				CA4AEC9B18AA885C0074494F /* InfoPlist.strings in Resources */,
			);
			runOnlyForDeploymentPostprocessing = 0;
		};
/* End PBXResourcesBuildPhase section */

/* Begin PBXSourcesBuildPhase section */
		CA4AEC7018AA885B0074494F /* Sources */ = {
			isa = PBXSourcesBuildPhase;
			buildActionMask = 2147483647;
			files = (
				CAFA0E7E18AB096900D2871F /* UUChallengeView.m in Sources */,
				CAFA0E8418AB09A900D2871F /* UUTopUsersView.m in Sources */,
				CAD8F55E1925301800767ADE /* UUSpecificChallengeView.m in Sources */,
				CA4AECB918AABD390074494F /* UULoginViewController.m in Sources */,
				CA4AECC218AABD840074494F /* UUMainView.m in Sources */,
				CAFA0EBD18ABFB5200D2871F /* UUCreateUserView.m in Sources */,
				CA4AECC618AAD1DA0074494F /* UUNavigationController.m in Sources */,
				CA4AEC8818AA885B0074494F /* UUAppDelegate.m in Sources */,
				CA0B09FD1936692700A9F57F /* UUChallengeTabView.m in Sources */,
				CA0FB35E1933F37900B97CEC /* UUShowTopUsersViewController.m in Sources */,
				CABB80EB193C2B3F00C047E6 /* UUSesson.m in Sources */,
				CAFA0E9C18AB0A5700D2871F /* UUProfileView.m in Sources */,
				CAFA0E7B18AB095300D2871F /* UUChallengeViewController.m in Sources */,
				CA0FB3611933F3B000B97CEC /* UUShowTopUsersView.m in Sources */,
				CA16ECFB18ECB99C006A0F22 /* UUSplashView.m in Sources */,
				CAFA0E8D18AB09EB00D2871F /* UUAboutViewController.m in Sources */,
				CAFA0E8A18AB09D600D2871F /* UUTeamsView.m in Sources */,
				CA0B09FA193668DD00A9F57F /* UUChallengeTabViewController.m in Sources */,
				CA4AECBC18AABD4D0074494F /* UULoginView.m in Sources */,
				CAFA0E9018AB09FC00D2871F /* UUAboutView.m in Sources */,
				CAFA0E8718AB09C300D2871F /* UUTeamsViewController.m in Sources */,
				CA4AECBF18AABD6D0074494F /* UUMainViewController.m in Sources */,
				CA4AEC8418AA885B0074494F /* main.m in Sources */,
				CA4AECD018AAE1F20074494F /* SVProgressHUD.m in Sources */,
				CA4AECB518AAB99F0074494F /* UUApplicationConstants.m in Sources */,
				CA16ECF718ECB916006A0F22 /* UUSplashViewController.m in Sources */,
				CAFA0E8118AB099400D2871F /* UUTopUsersViewController.m in Sources */,
				CAFA0EBA18ABFB3C00D2871F /* UUCreateUserViewController.m in Sources */,
				CAD8F55B1925300100767ADE /* UUSpecificChallengeViewController.m in Sources */,
				CAFA0E9918AB0A4300D2871F /* UUProfileViewController.m in Sources */,
				CA4AECB218AAB98A0074494F /* UUModel.m in Sources */,
				CAD8F5611925409E00767ADE /* UUCalendarView.m in Sources */,
			);
			runOnlyForDeploymentPostprocessing = 0;
		};
		CA4AEC8B18AA885B0074494F /* Sources */ = {
			isa = PBXSourcesBuildPhase;
			buildActionMask = 2147483647;
			files = (
				CA4AEC9D18AA885C0074494F /* UUGreenUTests.m in Sources */,
			);
			runOnlyForDeploymentPostprocessing = 0;
		};
/* End PBXSourcesBuildPhase section */

/* Begin PBXTargetDependency section */
		CA4AEC9518AA885C0074494F /* PBXTargetDependency */ = {
			isa = PBXTargetDependency;
			target = CA4AEC7318AA885B0074494F /* UUGreenU */;
			targetProxy = CA4AEC9418AA885C0074494F /* PBXContainerItemProxy */;
		};
/* End PBXTargetDependency section */

/* Begin PBXVariantGroup section */
		CA4AEC8018AA885B0074494F /* InfoPlist.strings */ = {
			isa = PBXVariantGroup;
			children = (
				CA4AEC8118AA885B0074494F /* en */,
			);
			name = InfoPlist.strings;
			sourceTree = "<group>";
		};
		CA4AEC9918AA885C0074494F /* InfoPlist.strings */ = {
			isa = PBXVariantGroup;
			children = (
				CA4AEC9A18AA885C0074494F /* en */,
			);
			name = InfoPlist.strings;
			sourceTree = "<group>";
		};
/* End PBXVariantGroup section */

/* Begin XCBuildConfiguration section */
		CA4AEC9E18AA885C0074494F /* Debug */ = {
			isa = XCBuildConfiguration;
			buildSettings = {
				ALWAYS_SEARCH_USER_PATHS = NO;
				CLANG_CXX_LANGUAGE_STANDARD = "gnu++0x";
				CLANG_CXX_LIBRARY = "libc++";
				CLANG_ENABLE_MODULES = YES;
				CLANG_ENABLE_OBJC_ARC = YES;
				CLANG_WARN_BOOL_CONVERSION = YES;
				CLANG_WARN_CONSTANT_CONVERSION = YES;
				CLANG_WARN_DIRECT_OBJC_ISA_USAGE = YES_ERROR;
				CLANG_WARN_EMPTY_BODY = YES;
				CLANG_WARN_ENUM_CONVERSION = YES;
				CLANG_WARN_INT_CONVERSION = YES;
				CLANG_WARN_OBJC_ROOT_CLASS = YES_ERROR;
				CLANG_WARN__DUPLICATE_METHOD_MATCH = YES;
				"CODE_SIGN_IDENTITY[sdk=iphoneos*]" = "iPhone Developer";
				COPY_PHASE_STRIP = NO;
				GCC_C_LANGUAGE_STANDARD = gnu99;
				GCC_DYNAMIC_NO_PIC = NO;
				GCC_OPTIMIZATION_LEVEL = 0;
				GCC_PREPROCESSOR_DEFINITIONS = (
					"DEBUG=1",
					"$(inherited)",
				);
				GCC_SYMBOLS_PRIVATE_EXTERN = NO;
				GCC_WARN_64_TO_32_BIT_CONVERSION = YES;
				GCC_WARN_ABOUT_RETURN_TYPE = YES_ERROR;
				GCC_WARN_UNDECLARED_SELECTOR = YES;
				GCC_WARN_UNINITIALIZED_AUTOS = YES;
				GCC_WARN_UNUSED_FUNCTION = YES;
				GCC_WARN_UNUSED_VARIABLE = YES;
				IPHONEOS_DEPLOYMENT_TARGET = 7.0;
				ONLY_ACTIVE_ARCH = YES;
				SDKROOT = iphoneos;
			};
			name = Debug;
		};
		CA4AEC9F18AA885C0074494F /* Release */ = {
			isa = XCBuildConfiguration;
			buildSettings = {
				ALWAYS_SEARCH_USER_PATHS = NO;
				CLANG_CXX_LANGUAGE_STANDARD = "gnu++0x";
				CLANG_CXX_LIBRARY = "libc++";
				CLANG_ENABLE_MODULES = YES;
				CLANG_ENABLE_OBJC_ARC = YES;
				CLANG_WARN_BOOL_CONVERSION = YES;
				CLANG_WARN_CONSTANT_CONVERSION = YES;
				CLANG_WARN_DIRECT_OBJC_ISA_USAGE = YES_ERROR;
				CLANG_WARN_EMPTY_BODY = YES;
				CLANG_WARN_ENUM_CONVERSION = YES;
				CLANG_WARN_INT_CONVERSION = YES;
				CLANG_WARN_OBJC_ROOT_CLASS = YES_ERROR;
				CLANG_WARN__DUPLICATE_METHOD_MATCH = YES;
				"CODE_SIGN_IDENTITY[sdk=iphoneos*]" = "iPhone Developer";
				COPY_PHASE_STRIP = YES;
				ENABLE_NS_ASSERTIONS = NO;
				GCC_C_LANGUAGE_STANDARD = gnu99;
				GCC_WARN_64_TO_32_BIT_CONVERSION = YES;
				GCC_WARN_ABOUT_RETURN_TYPE = YES_ERROR;
				GCC_WARN_UNDECLARED_SELECTOR = YES;
				GCC_WARN_UNINITIALIZED_AUTOS = YES;
				GCC_WARN_UNUSED_FUNCTION = YES;
				GCC_WARN_UNUSED_VARIABLE = YES;
				IPHONEOS_DEPLOYMENT_TARGET = 7.0;
				SDKROOT = iphoneos;
				VALIDATE_PRODUCT = YES;
			};
			name = Release;
		};
		CA4AECA118AA885C0074494F /* Debug */ = {
			isa = XCBuildConfiguration;
			buildSettings = {
				ASSETCATALOG_COMPILER_APPICON_NAME = AppIcon;
				ASSETCATALOG_COMPILER_LAUNCHIMAGE_NAME = LaunchImage;
				GCC_PRECOMPILE_PREFIX_HEADER = YES;
				GCC_PREFIX_HEADER = "UUGreenU/UUGreenU-Prefix.pch";
				INFOPLIST_FILE = "UUGreenU/UUGreenU-Info.plist";
				PRODUCT_NAME = "$(TARGET_NAME)";
				WRAPPER_EXTENSION = app;
			};
			name = Debug;
		};
		CA4AECA218AA885C0074494F /* Release */ = {
			isa = XCBuildConfiguration;
			buildSettings = {
				ASSETCATALOG_COMPILER_APPICON_NAME = AppIcon;
				ASSETCATALOG_COMPILER_LAUNCHIMAGE_NAME = LaunchImage;
				GCC_PRECOMPILE_PREFIX_HEADER = YES;
				GCC_PREFIX_HEADER = "UUGreenU/UUGreenU-Prefix.pch";
				INFOPLIST_FILE = "UUGreenU/UUGreenU-Info.plist";
				PRODUCT_NAME = "$(TARGET_NAME)";
				WRAPPER_EXTENSION = app;
			};
			name = Release;
		};
		CA4AECA418AA885C0074494F /* Debug */ = {
			isa = XCBuildConfiguration;
			buildSettings = {
				BUNDLE_LOADER = "$(BUILT_PRODUCTS_DIR)/UUGreenU.app/UUGreenU";
				FRAMEWORK_SEARCH_PATHS = (
					"$(SDKROOT)/Developer/Library/Frameworks",
					"$(inherited)",
					"$(DEVELOPER_FRAMEWORKS_DIR)",
				);
				GCC_PRECOMPILE_PREFIX_HEADER = YES;
				GCC_PREFIX_HEADER = "UUGreenU/UUGreenU-Prefix.pch";
				GCC_PREPROCESSOR_DEFINITIONS = (
					"DEBUG=1",
					"$(inherited)",
				);
				INFOPLIST_FILE = "UUGreenUTests/UUGreenUTests-Info.plist";
				PRODUCT_NAME = "$(TARGET_NAME)";
				TEST_HOST = "$(BUNDLE_LOADER)";
				WRAPPER_EXTENSION = xctest;
			};
			name = Debug;
		};
		CA4AECA518AA885C0074494F /* Release */ = {
			isa = XCBuildConfiguration;
			buildSettings = {
				BUNDLE_LOADER = "$(BUILT_PRODUCTS_DIR)/UUGreenU.app/UUGreenU";
				FRAMEWORK_SEARCH_PATHS = (
					"$(SDKROOT)/Developer/Library/Frameworks",
					"$(inherited)",
					"$(DEVELOPER_FRAMEWORKS_DIR)",
				);
				GCC_PRECOMPILE_PREFIX_HEADER = YES;
				GCC_PREFIX_HEADER = "UUGreenU/UUGreenU-Prefix.pch";
				INFOPLIST_FILE = "UUGreenUTests/UUGreenUTests-Info.plist";
				PRODUCT_NAME = "$(TARGET_NAME)";
				TEST_HOST = "$(BUNDLE_LOADER)";
				WRAPPER_EXTENSION = xctest;
			};
			name = Release;
		};
/* End XCBuildConfiguration section */

/* Begin XCConfigurationList section */
		CA4AEC6F18AA885B0074494F /* Build configuration list for PBXProject "UUGreenU" */ = {
			isa = XCConfigurationList;
			buildConfigurations = (
				CA4AEC9E18AA885C0074494F /* Debug */,
				CA4AEC9F18AA885C0074494F /* Release */,
			);
			defaultConfigurationIsVisible = 0;
			defaultConfigurationName = Release;
		};
		CA4AECA018AA885C0074494F /* Build configuration list for PBXNativeTarget "UUGreenU" */ = {
			isa = XCConfigurationList;
			buildConfigurations = (
				CA4AECA118AA885C0074494F /* Debug */,
				CA4AECA218AA885C0074494F /* Release */,
			);
			defaultConfigurationIsVisible = 0;
			defaultConfigurationName = Release;
		};
		CA4AECA318AA885C0074494F /* Build configuration list for PBXNativeTarget "UUGreenUTests" */ = {
			isa = XCConfigurationList;
			buildConfigurations = (
				CA4AECA418AA885C0074494F /* Debug */,
				CA4AECA518AA885C0074494F /* Release */,
			);
			defaultConfigurationIsVisible = 0;
			defaultConfigurationName = Release;
		};
/* End XCConfigurationList section */
	};
	rootObject = CA4AEC6C18AA885B0074494F /* Project object */;
}
